{
  "originHash" : "a2fc303e4b16c93c972ef2ddc4042cf91a9400e5d1639bc9740a80c0336cdd4e",
  "pins" : [
    {
      "identity" : "posthog-ios",
      "kind" : "remoteSourceControl",
      "location" : "https://github.com/PostHog/posthog-ios",
      "state" : {
        "revision" : "07eba6697c5f396bed1093bbd2d7ba817a1dc15d",
        "version" : "3.86.0"
      }
    }
  ],
  "version" : 3
}
