// !$*UTF8*$!
{
	archiveVersion = 1;
	classes = {
	};
	objectVersion = 77;
	objects = {

/* Begin PBXBuildFile section */
		0197958054C4C81249FF47FC /* AppMain.swift in Sources */ = {isa = PBXBuildFile; fileRef = 7E4C44E78580E5B462231EDB /* AppMain.swift */; };
		026F588017B6D8E3F82084DC /* ResourceDetailView.swift in Sources */ = {isa = PBXBuildFile; fileRef = FD6F50F0932D624A16148084 /* ResourceDetailView.swift */; };
		0970F9167F4BD4E46CAEAF70 /* Localizable.xcstrings in Resources */ = {isa = PBXBuildFile; fileRef = 3295D07AF8A533E7C592F7DF /* Localizable.xcstrings */; };
		0D0FA0B548FE03A9FEA0B9F7 /* PersistenceModels.swift in Sources */ = {isa = PBXBuildFile; fileRef = B0943B922500B4A7858940E9 /* PersistenceModels.swift */; };
		0D89DE1831A02DBF39DD170F /* ExportCSVView.swift in Sources */ = {isa = PBXBuildFile; fileRef = 9898F8ECED671B6173932D24 /* ExportCSVView.swift */; };
		1377446252E04497E8B4DAA9 /* GamesViewModel.swift in Sources */ = {isa = PBXBuildFile; fileRef = 6FB0EA95A31022D1EC1054E3 /* GamesViewModel.swift */; };
		391A3147AFCFD73A1D07E728 /* BooksViewModel.swift in Sources */ = {isa = PBXBuildFile; fileRef = 6E4DB05985D411C8630D894E /* BooksViewModel.swift */; };
		617DFFD816B7CB79B2E5EB40 /* StatsView.swift in Sources */ = {isa = PBXBuildFile; fileRef = B83D451D0D651DF7C97B8086 /* StatsView.swift */; };
		65E9720D89AC26C312F6C4A8 /* SeriesListView.swift in Sources */ = {isa = PBXBuildFile; fileRef = FA7B19B1719E73DA6F0E2693 /* SeriesListView.swift */; };
		79E99E27DC8B9F880E02F6C4 /* AppTheme.swift in Sources */ = {isa = PBXBuildFile; fileRef = 96CDDA91E398FEA6932455C9 /* AppTheme.swift */; };
		7AB91F9EBC9EE43E4A7E4DF0 /* Assets.xcassets in Resources */ = {isa = PBXBuildFile; fileRef = 7FCCD7217BD5FBDDCDC4D118 /* Assets.xcassets */; };
		7DF1A781E64FD0B13ABAA167 /* Searchable.swift in Sources */ = {isa = PBXBuildFile; fileRef = 90280001697AD7730CB4C6F8 /* Searchable.swift */; };
		7E56D230D9E9943C9D30FC7A /* CSVExporter.swift in Sources */ = {isa = PBXBuildFile; fileRef = A5614B28A7A2090611799F9C /* CSVExporter.swift */; };
		82F092660366F376438B4D93 /* SearchErrorView.swift in Sources */ = {isa = PBXBuildFile; fileRef = B44A0FC5EE0FA9B7A32FB7AB /* SearchErrorView.swift */; };
		86FC04BEB4191B0486B895BD /* GoogleBooksService.swift in Sources */ = {isa = PBXBuildFile; fileRef = 5D7E8EF43FD9BCA43F87231F /* GoogleBooksService.swift */; };
		9426FD087631573B7DA50700 /* GoodreadsImporter.swift in Sources */ = {isa = PBXBuildFile; fileRef = C484E15F699ECB438BACC547 /* GoodreadsImporter.swift */; };
		9B758A6E3B3317850C3F04DD /* Enums.swift in Sources */ = {isa = PBXBuildFile; fileRef = 6D6F3E46BC82D75258505DD8 /* Enums.swift */; };
		B586A6E520A9008E5553006D /* ConfirmDelete.swift in Sources */ = {isa = PBXBuildFile; fileRef = 6A9BB53418ADA8CC451F38BE /* ConfirmDelete.swift */; };
		B8F05714BB01F2754D342AC2 /* GameSearchService.swift in Sources */ = {isa = PBXBuildFile; fileRef = 669A4F271D657C1DBE1BF1DF /* GameSearchService.swift */; };
		BD55826A3275BCC69EFD96F8 /* ContentView.swift in Sources */ = {isa = PBXBuildFile; fileRef = 61E2B31E64D28666005361AC /* ContentView.swift */; };
		DA49E9B8C7B150C407F43A0B /* SeriesViewModel.swift in Sources */ = {isa = PBXBuildFile; fileRef = A895F8F404163A29E1FD657C /* SeriesViewModel.swift */; };
		E2ED6D0FD8E20F6C6BB99A0E /* BookStore.swift in Sources */ = {isa = PBXBuildFile; fileRef = D5E6567FB320A5958549B53A /* BookStore.swift */; };
		E4CF1A309B94EC197FCF6D0E /* BooksListView.swift in Sources */ = {isa = PBXBuildFile; fileRef = 28F5971818241D6508505936 /* BooksListView.swift */; };
		E9A34AE83D6FB87C70BEECAB /* GamesListView.swift in Sources */ = {isa = PBXBuildFile; fileRef = C5CF3BDFB3CD6BC1A57DD280 /* GamesListView.swift */; };
		F080DD30E6363CC37BB7B79C /* HTTP.swift in Sources */ = {isa = PBXBuildFile; fileRef = 2F3D70DB478E5E59BFA2C530 /* HTTP.swift */; };
		FF6B05939503189A4F95F60A /* TVMazeService.swift in Sources */ = {isa = PBXBuildFile; fileRef = 28D453C5A1873F779D55CCB4 /* TVMazeService.swift */; };
/* End PBXBuildFile section */

/* Begin PBXContainerItemProxy section */
		004EBA79CF809782BD38B6B2 /* PBXContainerItemProxy */ = {
			isa = PBXContainerItemProxy;
			containerPortal = A236037772F3B80DC75A256F /* Project object */;
			proxyType = 1;
			remoteGlobalIDString = 6381045B0817CFE801E7C316;
			remoteInfo = TrackHobbies;
		};
/* End PBXContainerItemProxy section */

/* Begin PBXFileReference section */
		13126788DA7403E0C607C55F /* TrackHobbies.app */ = {isa = PBXFileReference; includeInIndex = 0; lastKnownFileType = wrapper.application; path = TrackHobbies.app; sourceTree = BUILT_PRODUCTS_DIR; };
		13566F73768D24EF1344E7EB /* wrangler.toml */ = {isa = PBXFileReference; path = wrangler.toml; sourceTree = "<group>"; };
		28D453C5A1873F779D55CCB4 /* TVMazeService.swift */ = {isa = PBXFileReference; lastKnownFileType = sourcecode.swift; path = TVMazeService.swift; sourceTree = "<group>"; };
		28F5971818241D6508505936 /* BooksListView.swift */ = {isa = PBXFileReference; lastKnownFileType = sourcecode.swift; path = BooksListView.swift; sourceTree = "<group>"; };
		2F00509E38BCD4DF5BEF58FD /* AGENTS.md */ = {isa = PBXFileReference; lastKnownFileType = net.daringfireball.markdown; path = AGENTS.md; sourceTree = "<group>"; };
		2F3D70DB478E5E59BFA2C530 /* HTTP.swift */ = {isa = PBXFileReference; lastKnownFileType = sourcecode.swift; path = HTTP.swift; sourceTree = "<group>"; };
		2FDF214627FDD408F1E29A34 /* .dev.vars.example */ = {isa = PBXFileReference; path = .dev.vars.example; sourceTree = "<group>"; };
		3295D07AF8A533E7C592F7DF /* Localizable.xcstrings */ = {isa = PBXFileReference; lastKnownFileType = text.json.xcstrings; path = Localizable.xcstrings; sourceTree = "<group>"; };
		342F815E0CFCF0F140FC0FCB /* CLAUDE.md */ = {isa = PBXFileReference; lastKnownFileType = net.daringfireball.markdown; path = CLAUDE.md; sourceTree = "<group>"; };
		3B88BC18B86DB1141949513F /* igdb.js */ = {isa = PBXFileReference; lastKnownFileType = sourcecode.javascript; path = igdb.js; sourceTree = "<group>"; };
		4339CA264C5FE4D871B7ECD6 /* README.md */ = {isa = PBXFileReference; lastKnownFileType = net.daringfireball.markdown; path = README.md; sourceTree = "<group>"; };
		5CAE49158C0DD5F632CA638F /* Secrets.example.xcconfig */ = {isa = PBXFileReference; lastKnownFileType = text.xcconfig; path = Secrets.example.xcconfig; sourceTree = "<group>"; };
		5D7E8EF43FD9BCA43F87231F /* GoogleBooksService.swift */ = {isa = PBXFileReference; lastKnownFileType = sourcecode.swift; path = GoogleBooksService.swift; sourceTree = "<group>"; };
		61E2B31E64D28666005361AC /* ContentView.swift */ = {isa = PBXFileReference; lastKnownFileType = sourcecode.swift; path = ContentView.swift; sourceTree = "<group>"; };
		64D0826BCD7DA51729D6F3C8 /* worker.test.js */ = {isa = PBXFileReference; lastKnownFileType = sourcecode.javascript; path = worker.test.js; sourceTree = "<group>"; };
		669A4F271D657C1DBE1BF1DF /* GameSearchService.swift */ = {isa = PBXFileReference; lastKnownFileType = sourcecode.swift; path = GameSearchService.swift; sourceTree = "<group>"; };
		6A9BB53418ADA8CC451F38BE /* ConfirmDelete.swift */ = {isa = PBXFileReference; lastKnownFileType = sourcecode.swift; path = ConfirmDelete.swift; sourceTree = "<group>"; };
		6D6F3E46BC82D75258505DD8 /* Enums.swift */ = {isa = PBXFileReference; lastKnownFileType = sourcecode.swift; path = Enums.swift; sourceTree = "<group>"; };
		6E4DB05985D411C8630D894E /* BooksViewModel.swift */ = {isa = PBXFileReference; lastKnownFileType = sourcecode.swift; path = BooksViewModel.swift; sourceTree = "<group>"; };
		6FAD522156108FA8AC2873AD /* TrackHobbiesTests.xctest */ = {isa = PBXFileReference; includeInIndex = 0; lastKnownFileType = wrapper.cfbundle; path = TrackHobbiesTests.xctest; sourceTree = BUILT_PRODUCTS_DIR; };
		6FB0EA95A31022D1EC1054E3 /* GamesViewModel.swift */ = {isa = PBXFileReference; lastKnownFileType = sourcecode.swift; path = GamesViewModel.swift; sourceTree = "<group>"; };
		74E34312BE003E8C9332C8D8 /* Info.plist */ = {isa = PBXFileReference; lastKnownFileType = text.plist; path = Info.plist; sourceTree = "<group>"; };
		7E4C44E78580E5B462231EDB /* AppMain.swift */ = {isa = PBXFileReference; lastKnownFileType = sourcecode.swift; path = AppMain.swift; sourceTree = "<group>"; };
		7FCCD7217BD5FBDDCDC4D118 /* Assets.xcassets */ = {isa = PBXFileReference; lastKnownFileType = folder.assetcatalog; path = Assets.xcassets; sourceTree = "<group>"; };
		90280001697AD7730CB4C6F8 /* Searchable.swift */ = {isa = PBXFileReference; lastKnownFileType = sourcecode.swift; path = Searchable.swift; sourceTree = "<group>"; };
		94FF4E1E9FF81517BCD15AB8 /* package.json */ = {isa = PBXFileReference; lastKnownFileType = text.json; path = package.json; sourceTree = "<group>"; };
		96CDDA91E398FEA6932455C9 /* AppTheme.swift */ = {isa = PBXFileReference; lastKnownFileType = sourcecode.swift; path = AppTheme.swift; sourceTree = "<group>"; };
		9898F8ECED671B6173932D24 /* ExportCSVView.swift */ = {isa = PBXFileReference; lastKnownFileType = sourcecode.swift; path = ExportCSVView.swift; sourceTree = "<group>"; };
		A5614B28A7A2090611799F9C /* CSVExporter.swift */ = {isa = PBXFileReference; lastKnownFileType = sourcecode.swift; path = CSVExporter.swift; sourceTree = "<group>"; };
		A895F8F404163A29E1FD657C /* SeriesViewModel.swift */ = {isa = PBXFileReference; lastKnownFileType = sourcecode.swift; path = SeriesViewModel.swift; sourceTree = "<group>"; };
		A9FFF53B5CD669BC2702846A /* Secrets.xcconfig */ = {isa = PBXFileReference; lastKnownFileType = text.xcconfig; path = Secrets.xcconfig; sourceTree = "<group>"; };
		B0943B922500B4A7858940E9 /* PersistenceModels.swift */ = {isa = PBXFileReference; lastKnownFileType = sourcecode.swift; path = PersistenceModels.swift; sourceTree = "<group>"; };
		B44A0FC5EE0FA9B7A32FB7AB /* SearchErrorView.swift */ = {isa = PBXFileReference; lastKnownFileType = sourcecode.swift; path = SearchErrorView.swift; sourceTree = "<group>"; };
		B83D451D0D651DF7C97B8086 /* StatsView.swift */ = {isa = PBXFileReference; lastKnownFileType = sourcecode.swift; path = StatsView.swift; sourceTree = "<group>"; };
		C484E15F699ECB438BACC547 /* GoodreadsImporter.swift */ = {isa = PBXFileReference; lastKnownFileType = sourcecode.swift; path = GoodreadsImporter.swift; sourceTree = "<group>"; };
		C5CF3BDFB3CD6BC1A57DD280 /* GamesListView.swift */ = {isa = PBXFileReference; lastKnownFileType = sourcecode.swift; path = GamesListView.swift; sourceTree = "<group>"; };
		D5D8BB962E021677671C54C7 /* App.xcconfig */ = {isa = PBXFileReference; lastKnownFileType = text.xcconfig; path = App.xcconfig; sourceTree = "<group>"; };
		D5E6567FB320A5958549B53A /* BookStore.swift */ = {isa = PBXFileReference; lastKnownFileType = sourcecode.swift; path = BookStore.swift; sourceTree = "<group>"; };
		F083B426E2D92FC4DB8A5B39 /* index.js */ = {isa = PBXFileReference; lastKnownFileType = sourcecode.javascript; path = index.js; sourceTree = "<group>"; };
		FA7B19B1719E73DA6F0E2693 /* SeriesListView.swift */ = {isa = PBXFileReference; lastKnownFileType = sourcecode.swift; path = SeriesListView.swift; sourceTree = "<group>"; };
		FD6F50F0932D624A16148084 /* ResourceDetailView.swift */ = {isa = PBXFileReference; lastKnownFileType = sourcecode.swift; path = ResourceDetailView.swift; sourceTree = "<group>"; };
/* End PBXFileReference section */

/* Begin PBXGroup section */
		120BFB3A0D05D4E779970AB6 = {
			isa = PBXGroup;
			children = (
				2F00509E38BCD4DF5BEF58FD /* AGENTS.md */,
				7E4C44E78580E5B462231EDB /* AppMain.swift */,
				7FCCD7217BD5FBDDCDC4D118 /* Assets.xcassets */,
				D5E6567FB320A5958549B53A /* BookStore.swift */,
				342F815E0CFCF0F140FC0FCB /* CLAUDE.md */,
				61E2B31E64D28666005361AC /* ContentView.swift */,
				3295D07AF8A533E7C592F7DF /* Localizable.xcstrings */,
				4339CA264C5FE4D871B7ECD6 /* README.md */,
				B0EE01DEFCD18A23CDA850D4 /* Config */,
				5A6414D1648BB5475DD0D90F /* Models */,
				A211DDD4130EA251F539B033 /* Services */,
				8D34B3DF276A7D424A6A419D /* Tests */,
				B25C07CC78F5AEBCD178B9F7 /* Theme */,
				E31544E8E5858F60E887D270 /* Utils */,
				963397EB84040E242CCB43C2 /* ViewModels */,
				862DC228F115AC57283F0265 /* Views */,
				9EA70B41E897E00BB5F7CD01 /* worker */,
				EF3402485EC31D04A870DA22 /* Products */,
			);
			sourceTree = "<group>";
		};
		5034890342CC0159422FC9B0 /* src */ = {
			isa = PBXGroup;
			children = (
				3B88BC18B86DB1141949513F /* igdb.js */,
				F083B426E2D92FC4DB8A5B39 /* index.js */,
			);
			path = src;
			sourceTree = "<group>";
		};
		5A6414D1648BB5475DD0D90F /* Models */ = {
			isa = PBXGroup;
			children = (
				6D6F3E46BC82D75258505DD8 /* Enums.swift */,
				B0943B922500B4A7858940E9 /* PersistenceModels.swift */,
			);
			path = Models;
			sourceTree = "<group>";
		};
		862DC228F115AC57283F0265 /* Views */ = {
			isa = PBXGroup;
			children = (
				28F5971818241D6508505936 /* BooksListView.swift */,
				6A9BB53418ADA8CC451F38BE /* ConfirmDelete.swift */,
				9898F8ECED671B6173932D24 /* ExportCSVView.swift */,
				C5CF3BDFB3CD6BC1A57DD280 /* GamesListView.swift */,
				FD6F50F0932D624A16148084 /* ResourceDetailView.swift */,
				B44A0FC5EE0FA9B7A32FB7AB /* SearchErrorView.swift */,
				FA7B19B1719E73DA6F0E2693 /* SeriesListView.swift */,
				B83D451D0D651DF7C97B8086 /* StatsView.swift */,
			);
			path = Views;
			sourceTree = "<group>";
		};
		8D34B3DF276A7D424A6A419D /* Tests */ = {
			isa = PBXGroup;
			children = (
				74E34312BE003E8C9332C8D8 /* Info.plist */,
			);
			path = Tests;
			sourceTree = "<group>";
		};
		963397EB84040E242CCB43C2 /* ViewModels */ = {
			isa = PBXGroup;
			children = (
				6E4DB05985D411C8630D894E /* BooksViewModel.swift */,
				6FB0EA95A31022D1EC1054E3 /* GamesViewModel.swift */,
				90280001697AD7730CB4C6F8 /* Searchable.swift */,
				A895F8F404163A29E1FD657C /* SeriesViewModel.swift */,
			);
			path = ViewModels;
			sourceTree = "<group>";
		};
		9EA70B41E897E00BB5F7CD01 /* worker */ = {
			isa = PBXGroup;
			children = (
				2FDF214627FDD408F1E29A34 /* .dev.vars.example */,
				94FF4E1E9FF81517BCD15AB8 /* package.json */,
				13566F73768D24EF1344E7EB /* wrangler.toml */,
				5034890342CC0159422FC9B0 /* src */,
				C05A1039C7E6B842B0EF6753 /* test */,
			);
			path = worker;
			sourceTree = "<group>";
		};
		A211DDD4130EA251F539B033 /* Services */ = {
			isa = PBXGroup;
			children = (
				669A4F271D657C1DBE1BF1DF /* GameSearchService.swift */,
				C484E15F699ECB438BACC547 /* GoodreadsImporter.swift */,
				5D7E8EF43FD9BCA43F87231F /* GoogleBooksService.swift */,
				2F3D70DB478E5E59BFA2C530 /* HTTP.swift */,
				28D453C5A1873F779D55CCB4 /* TVMazeService.swift */,
			);
			path = Services;
			sourceTree = "<group>";
		};
		B0EE01DEFCD18A23CDA850D4 /* Config */ = {
			isa = PBXGroup;
			children = (
				D5D8BB962E021677671C54C7 /* App.xcconfig */,
				5CAE49158C0DD5F632CA638F /* Secrets.example.xcconfig */,
				A9FFF53B5CD669BC2702846A /* Secrets.xcconfig */,
			);
			path = Config;
			sourceTree = "<group>";
		};
		B25C07CC78F5AEBCD178B9F7 /* Theme */ = {
			isa = PBXGroup;
			children = (
				96CDDA91E398FEA6932455C9 /* AppTheme.swift */,
			);
			path = Theme;
			sourceTree = "<group>";
		};
		C05A1039C7E6B842B0EF6753 /* test */ = {
			isa = PBXGroup;
			children = (
				64D0826BCD7DA51729D6F3C8 /* worker.test.js */,
			);
			path = test;
			sourceTree = "<group>";
		};
		E31544E8E5858F60E887D270 /* Utils */ = {
			isa = PBXGroup;
			children = (
				A5614B28A7A2090611799F9C /* CSVExporter.swift */,
			);
			path = Utils;
			sourceTree = "<group>";
		};
		EF3402485EC31D04A870DA22 /* Products */ = {
			isa = PBXGroup;
			children = (
				13126788DA7403E0C607C55F /* TrackHobbies.app */,
				6FAD522156108FA8AC2873AD /* TrackHobbiesTests.xctest */,
			);
			name = Products;
			sourceTree = "<group>";
		};
/* End PBXGroup section */

/* Begin PBXNativeTarget section */
		6381045B0817CFE801E7C316 /* TrackHobbies */ = {
			isa = PBXNativeTarget;
			buildConfigurationList = 224BF33071DBA3006D973C23 /* Build configuration list for PBXNativeTarget "TrackHobbies" */;
			buildPhases = (
				6E3BE829B891386145054A38 /* Sources */,
				6AB7E79177646D7FF996A6BE /* Resources */,
			);
			buildRules = (
			);
			dependencies = (
			);
			name = TrackHobbies;
			packageProductDependencies = (
			);
			productName = TrackHobbies;
			productReference = 13126788DA7403E0C607C55F /* TrackHobbies.app */;
			productType = "com.apple.product-type.application";
		};
		FB1C62C897FC36EF142917A1 /* TrackHobbiesTests */ = {
			isa = PBXNativeTarget;
			buildConfigurationList = 6EB5E8B3B3CDD49EEAEE7295 /* Build configuration list for PBXNativeTarget "TrackHobbiesTests" */;
			buildPhases = (
				A5A12178E5D787A0789BA95A /* Sources */,
			);
			buildRules = (
			);
			dependencies = (
				F5C59CB3873E96591BD0D8C4 /* PBXTargetDependency */,
			);
			name = TrackHobbiesTests;
			packageProductDependencies = (
			);
			productName = TrackHobbiesTests;
			productReference = 6FAD522156108FA8AC2873AD /* TrackHobbiesTests.xctest */;
			productType = "com.apple.product-type.bundle.unit-test";
		};
/* End PBXNativeTarget section */

/* Begin PBXProject section */
		A236037772F3B80DC75A256F /* Project object */ = {
			isa = PBXProject;
			attributes = {
				BuildIndependentTargetsInParallel = YES;
				LastUpgradeCheck = 1500;
				TargetAttributes = {
					6381045B0817CFE801E7C316 = {
						DevelopmentTeam = "";
						ProvisioningStyle = Automatic;
					};
					FB1C62C897FC36EF142917A1 = {
						DevelopmentTeam = "";
						ProvisioningStyle = Automatic;
					};
				};
			};
			buildConfigurationList = 8B4B4614B62CE5A72BBEE376 /* Build configuration list for PBXProject "TrackHobbies" */;
			developmentRegion = es;
			hasScannedForEncodings = 0;
			knownRegions = (
				Base,
				es,
			);
			mainGroup = 120BFB3A0D05D4E779970AB6;
			minimizedProjectReferenceProxies = 1;
			preferredProjectObjectVersion = 77;
			productRefGroup = EF3402485EC31D04A870DA22 /* Products */;
			projectDirPath = "";
			projectRoot = "";
			targets = (
				6381045B0817CFE801E7C316 /* TrackHobbies */,
				FB1C62C897FC36EF142917A1 /* TrackHobbiesTests */,
			);
		};
/* End PBXProject section */

/* Begin PBXResourcesBuildPhase section */
		6AB7E79177646D7FF996A6BE /* Resources */ = {
			isa = PBXResourcesBuildPhase;
			buildActionMask = 2147483647;
			files = (
				7AB91F9EBC9EE43E4A7E4DF0 /* Assets.xcassets in Resources */,
				0970F9167F4BD4E46CAEAF70 /* Localizable.xcstrings in Resources */,
			);
			runOnlyForDeploymentPostprocessing = 0;
		};
/* End PBXResourcesBuildPhase section */

/* Begin PBXSourcesBuildPhase section */
		6E3BE829B891386145054A38 /* Sources */ = {
			isa = PBXSourcesBuildPhase;
			buildActionMask = 2147483647;
			files = (
				0197958054C4C81249FF47FC /* AppMain.swift in Sources */,
				79E99E27DC8B9F880E02F6C4 /* AppTheme.swift in Sources */,
				E2ED6D0FD8E20F6C6BB99A0E /* BookStore.swift in Sources */,
				E4CF1A309B94EC197FCF6D0E /* BooksListView.swift in Sources */,
				391A3147AFCFD73A1D07E728 /* BooksViewModel.swift in Sources */,
				7E56D230D9E9943C9D30FC7A /* CSVExporter.swift in Sources */,
				B586A6E520A9008E5553006D /* ConfirmDelete.swift in Sources */,
				BD55826A3275BCC69EFD96F8 /* ContentView.swift in Sources */,
				9B758A6E3B3317850C3F04DD /* Enums.swift in Sources */,
				0D89DE1831A02DBF39DD170F /* ExportCSVView.swift in Sources */,
				B8F05714BB01F2754D342AC2 /* GameSearchService.swift in Sources */,
				E9A34AE83D6FB87C70BEECAB /* GamesListView.swift in Sources */,
				1377446252E04497E8B4DAA9 /* GamesViewModel.swift in Sources */,
				9426FD087631573B7DA50700 /* GoodreadsImporter.swift in Sources */,
				86FC04BEB4191B0486B895BD /* GoogleBooksService.swift in Sources */,
				F080DD30E6363CC37BB7B79C /* HTTP.swift in Sources */,
				0D0FA0B548FE03A9FEA0B9F7 /* PersistenceModels.swift in Sources */,
				026F588017B6D8E3F82084DC /* ResourceDetailView.swift in Sources */,
				82F092660366F376438B4D93 /* SearchErrorView.swift in Sources */,
				7DF1A781E64FD0B13ABAA167 /* Searchable.swift in Sources */,
				65E9720D89AC26C312F6C4A8 /* SeriesListView.swift in Sources */,
				DA49E9B8C7B150C407F43A0B /* SeriesViewModel.swift in Sources */,
				617DFFD816B7CB79B2E5EB40 /* StatsView.swift in Sources */,
				FF6B05939503189A4F95F60A /* TVMazeService.swift in Sources */,
			);
			runOnlyForDeploymentPostprocessing = 0;
		};
		A5A12178E5D787A0789BA95A /* Sources */ = {
			isa = PBXSourcesBuildPhase;
			buildActionMask = 2147483647;
			files = (
			);
			runOnlyForDeploymentPostprocessing = 0;
		};
/* End PBXSourcesBuildPhase section */

/* Begin PBXTargetDependency section */
		F5C59CB3873E96591BD0D8C4 /* PBXTargetDependency */ = {
			isa = PBXTargetDependency;
			target = 6381045B0817CFE801E7C316 /* TrackHobbies */;
			targetProxy = 004EBA79CF809782BD38B6B2 /* PBXContainerItemProxy */;
		};
/* End PBXTargetDependency section */

/* Begin XCBuildConfiguration section */
		34B14511895B8BAC49393BBF /* Release */ = {
			isa = XCBuildConfiguration;
			buildSettings = {
				BUNDLE_LOADER = "$(TEST_HOST)";
				INFOPLIST_FILE = Tests/Info.plist;
				PRODUCT_BUNDLE_IDENTIFIER = com.trackhobbies.app.tests;
				TEST_HOST = "$(BUILT_PRODUCTS_DIR)/TrackHobbies.app/$(BUNDLE_EXECUTABLE_FOLDER_PATH)/TrackHobbies";
			};
			name = Release;
		};
		48B7C1310B94603C41432994 /* Debug */ = {
			isa = XCBuildConfiguration;
			baseConfigurationReference = D5D8BB962E021677671C54C7 /* App.xcconfig */;
			buildSettings = {
				ASSETCATALOG_COMPILER_APPICON_NAME = AppIcon;
				CODE_SIGN_ENTITLEMENTS = TrackHobbies.entitlements;
				INFOPLIST_FILE = Info.plist;
				PRODUCT_BUNDLE_IDENTIFIER = com.trackhobbies.app;
			};
			name = Debug;
		};
		57A36E218A709441DF74D227 /* Debug */ = {
			isa = XCBuildConfiguration;
			buildSettings = {
				BUNDLE_LOADER = "$(TEST_HOST)";
				INFOPLIST_FILE = Tests/Info.plist;
				PRODUCT_BUNDLE_IDENTIFIER = com.trackhobbies.app.tests;
				TEST_HOST = "$(BUILT_PRODUCTS_DIR)/TrackHobbies.app/$(BUNDLE_EXECUTABLE_FOLDER_PATH)/TrackHobbies";
			};
			name = Debug;
		};
		8E9048AAA249B702B6D21E02 /* Release */ = {
			isa = XCBuildConfiguration;
			baseConfigurationReference = D5D8BB962E021677671C54C7 /* App.xcconfig */;
			buildSettings = {
				ASSETCATALOG_COMPILER_APPICON_NAME = AppIcon;
				CODE_SIGN_ENTITLEMENTS = TrackHobbies.entitlements;
				INFOPLIST_FILE = Info.plist;
				PRODUCT_BUNDLE_IDENTIFIER = com.trackhobbies.app;
			};
			name = Release;
		};
		D0B71F6955586A3E109C6A3F /* Release */ = {
			isa = XCBuildConfiguration;
			buildSettings = {
				CODE_SIGN_STYLE = Automatic;
				CURRENT_PROJECT_VERSION = 1;
				DEVELOPMENT_TEAM = "";
				IPHONEOS_DEPLOYMENT_TARGET = 17.0;
				MARKETING_VERSION = 1.0.0;
				PRODUCT_NAME = "$(TARGET_NAME)";
				SDKROOT = iphoneos;
				SWIFT_VERSION = 5.9;
				TARGETED_DEVICE_FAMILY = "1,2";
			};
			name = Release;
		};
		F54547540EEBE5E5A8D1C4FC /* Debug */ = {
			isa = XCBuildConfiguration;
			buildSettings = {
				CODE_SIGN_STYLE = Automatic;
				CURRENT_PROJECT_VERSION = 1;
				DEVELOPMENT_TEAM = "";
				IPHONEOS_DEPLOYMENT_TARGET = 17.0;
				MARKETING_VERSION = 1.0.0;
				PRODUCT_NAME = "$(TARGET_NAME)";
				SDKROOT = iphoneos;
				SWIFT_VERSION = 5.9;
				TARGETED_DEVICE_FAMILY = "1,2";
			};
			name = Debug;
		};
/* End XCBuildConfiguration section */

/* Begin XCConfigurationList section */
		224BF33071DBA3006D973C23 /* Build configuration list for PBXNativeTarget "TrackHobbies" */ = {
			isa = XCConfigurationList;
			buildConfigurations = (
				48B7C1310B94603C41432994 /* Debug */,
				8E9048AAA249B702B6D21E02 /* Release */,
			);
			defaultConfigurationIsVisible = 0;
			defaultConfigurationName = Debug;
		};
		6EB5E8B3B3CDD49EEAEE7295 /* Build configuration list for PBXNativeTarget "TrackHobbiesTests" */ = {
			isa = XCConfigurationList;
			buildConfigurations = (
				57A36E218A709441DF74D227 /* Debug */,
				34B14511895B8BAC49393BBF /* Release */,
			);
			defaultConfigurationIsVisible = 0;
			defaultConfigurationName = Debug;
		};
		8B4B4614B62CE5A72BBEE376 /* Build configuration list for PBXProject "TrackHobbies" */ = {
			isa = XCConfigurationList;
			buildConfigurations = (
				F54547540EEBE5E5A8D1C4FC /* Debug */,
				D0B71F6955586A3E109C6A3F /* Release */,
			);
			defaultConfigurationIsVisible = 0;
			defaultConfigurationName = Debug;
		};
/* End XCConfigurationList section */
	};
	rootObject = A236037772F3B80DC75A256F /* Project object */;
}
